
Microsoft Visual Studio Solution File, Format Version 12.00
# Visual Studio Version 17
VisualStudioVersion = 17.9.34607.119
MinimumVisualStudioVersion = 10.0.40219.1
Project("{9A19103F-16F7-4668-BE54-9A1E7A4F7556}") = "ST10300512_CLDVPOE", "ST10300512_CLDVPOE.csproj", "{D717CFB6-4A5A-486A-ACEF-C84E4604744D}"
EndProject
Project("{FAE04EC0-301F-11D3-BF4B-00C04F79EFBC}") = "St10300512-CLDVPOE-Functions", "..\St10300512-CLDVPOE-Functions\St10300512-CLDVPOE-Functions.csproj", "{066AD414-6779-4583-8C3D-833289EA8352}"
EndProject
Global
	GlobalSection(SolutionConfigurationPlatforms) = preSolution
		Debug|Any CPU = Debug|Any CPU
		Release|Any CPU = Release|Any CPU
	EndGlobalSection
	GlobalSection(ProjectConfigurationPlatforms) = postSolution
		{D717CFB6-4A5A-486A-ACEF-C84E4604744D}.Debug|Any CPU.ActiveCfg = Debug|Any CPU
		{D717CFB6-4A5A-486A-ACEF-C84E4604744D}.Debug|Any CPU.Build.0 = Debug|Any CPU
		{D717CFB6-4A5A-486A-ACEF-C84E4604744D}.Release|Any CPU.ActiveCfg = Release|Any CPU
		{D717CFB6-4A5A-486A-ACEF-C84E4604744D}.Release|Any CPU.Build.0 = Release|Any CPU
		{066AD414-6779-4583-8C3D-833289EA8352}.Debug|Any CPU.ActiveCfg = Debug|Any CPU
		{066AD414-6779-4583-8C3D-833289EA8352}.Debug|Any CPU.Build.0 = Debug|Any CPU
		{066AD414-6779-4583-8C3D-833289EA8352}.Release|Any CPU.ActiveCfg = Release|Any CPU
		{066AD414-6779-4583-8C3D-833289EA8352}.Release|Any CPU.Build.0 = Release|Any CPU
	EndGlobalSection
	GlobalSection(SolutionProperties) = preSolution
		HideSolutionNode = FALSE
	EndGlobalSection
	GlobalSection(ExtensibilityGlobals) = postSolution
		SolutionGuid = {620EE768-CE65-44B0-A1A6-94D560BCA1D3}
	EndGlobalSection
EndGlobal
